
Microsoft Visual Studio Solution File, Format Version 12.00
# Visual Studio 2013
VisualStudioVersion = 12.0.40629.0
MinimumVisualStudioVersion = 10.0.40219.1
Project("{8BC9CEB8-8B4A-11D0-8D11-00A0C91BC942}") = "Terrain", "Terrain\Terrain.vcxproj", "{A87151BE-E6BE-4469-9035-6F6EF5C9F49B}"
EndProject
Global
	GlobalSection(SolutionConfigurationPlatforms) = preSolution
		Debug|Win32 = Debug|Win32
		Release|Win32 = Release|Win32
	EndGlobalSection
	GlobalSection(ProjectConfigurationPlatforms) = postSolution
		{A87151BE-E6BE-4469-9035-6F6EF5C9F49B}.Debug|Win32.ActiveCfg = Debug|Win32
		{A87151BE-E6BE-4469-9035-6F6EF5C9F49B}.Debug|Win32.Build.0 = Debug|Win32
		{A87151BE-E6BE-4469-9035-6F6EF5C9F49B}.Release|Win32.ActiveCfg = Release|Win32
		{A87151BE-E6BE-4469-9035-6F6EF5C9F49B}.Release|Win32.Build.0 = Release|Win32
	EndGlobalSection
	GlobalSection(SolutionProperties) = preSolution
		HideSolutionNode = FALSE
	EndGlobalSection
EndGlobal
